
Microsoft Visual Studio Solution File, Format Version 12.00
# Visual Studio Version 16
VisualStudioVersion = 16.0.31702.278
MinimumVisualStudioVersion = 10.0.40219.1
Project("{FAE04EC0-301F-11D3-BF4B-00C04F79EFBC}") = "ProjectGeneratePassword", "ProjectGeneratePassword\ProjectGeneratePassword.csproj", "{B65E92EC-3EE8-42B7-8C3B-F2BF84020F6A}"
EndProject
Global
	GlobalSection(SolutionConfigurationPlatforms) = preSolution
		Debug|Any CPU = Debug|Any CPU
		Release|Any CPU = Release|Any CPU
	EndGlobalSection
	GlobalSection(ProjectConfigurationPlatforms) = postSolution
		{B65E92EC-3EE8-42B7-8C3B-F2BF84020F6A}.Debug|Any CPU.ActiveCfg = Debug|Any CPU
		{B65E92EC-3EE8-42B7-8C3B-F2BF84020F6A}.Debug|Any CPU.Build.0 = Debug|Any CPU
		{B65E92EC-3EE8-42B7-8C3B-F2BF84020F6A}.Release|Any CPU.ActiveCfg = Release|Any CPU
		{B65E92EC-3EE8-42B7-8C3B-F2BF84020F6A}.Release|Any CPU.Build.0 = Release|Any CPU
	EndGlobalSection
	GlobalSection(SolutionProperties) = preSolution
		HideSolutionNode = FALSE
	EndGlobalSection
	GlobalSection(ExtensibilityGlobals) = postSolution
		SolutionGuid = {20B5311F-AC43-4734-9CE7-BD4E55ECC7F3}
	EndGlobalSection
EndGlobal
